
Microsoft Visual Studio Solution File, Format Version 12.00
# Visual Studio Version 16
VisualStudioVersion = 16.0.29403.142
MinimumVisualStudioVersion = 10.0.40219.1
Project("{FAE04EC0-301F-11D3-BF4B-00C04F79EFBC}") = "MyWebApp", "MyWebApp\MyWebApp.csproj", "{ADBA2970-E103-477F-ACDE-6F84CEC506F6}"
EndProject
Global
	GlobalSection(SolutionConfigurationPlatforms) = preSolution
		Debug|Any CPU = Debug|Any CPU
		Release|Any CPU = Release|Any CPU
	EndGlobalSection
	GlobalSection(ProjectConfigurationPlatforms) = postSolution
		{ADBA2970-E103-477F-ACDE-6F84CEC506F6}.Debug|Any CPU.ActiveCfg = Debug|Any CPU
		{ADBA2970-E103-477F-ACDE-6F84CEC506F6}.Debug|Any CPU.Build.0 = Debug|Any CPU
		{ADBA2970-E103-477F-ACDE-6F84CEC506F6}.Release|Any CPU.ActiveCfg = Release|Any CPU
		{ADBA2970-E103-477F-ACDE-6F84CEC506F6}.Release|Any CPU.Build.0 = Release|Any CPU
	EndGlobalSection
	GlobalSection(SolutionProperties) = preSolution
		HideSolutionNode = FALSE
	EndGlobalSection
	GlobalSection(ExtensibilityGlobals) = postSolution
		SolutionGuid = {3B5841D5-03A2-4133-BA80-7D24BEB1CA29}
	EndGlobalSection
EndGlobal
